// !$*UTF8*$!
{
	archiveVersion = 1;
	classes = {
	};
	objectVersion = 55;
	objects = {

/* Begin PBXBuildFile section */
		A3080A9E26700C9F0066A971 /* Photo.swift in Sources */ = {isa = PBXBuildFile; fileRef = A3080A9D26700C9F0066A971 /* Photo.swift */; };
		A3080AA026700CF20066A971 /* User.swift in Sources */ = {isa = PBXBuildFile; fileRef = A3080A9F26700CF20066A971 /* User.swift */; };
		A3080AA226700E270066A971 /* PhotoService.swift in Sources */ = {isa = PBXBuildFile; fileRef = A3080AA126700E270066A971 /* PhotoService.swift */; };
		A3148E34267019460059BAF6 /* Request.swift in Sources */ = {isa = PBXBuildFile; fileRef = A3148E33267019460059BAF6 /* Request.swift */; };
		A3148E36267019B70059BAF6 /* NetworkError.swift in Sources */ = {isa = PBXBuildFile; fileRef = A3148E35267019B70059BAF6 /* NetworkError.swift */; };
		A3148E3826701C590059BAF6 /* PhotoStore.swift in Sources */ = {isa = PBXBuildFile; fileRef = A3148E3726701C590059BAF6 /* PhotoStore.swift */; };
		A3148E3A26701DAB0059BAF6 /* PhotosView.swift in Sources */ = {isa = PBXBuildFile; fileRef = A3148E3926701DAB0059BAF6 /* PhotosView.swift */; };
		A37A09DB267021B0004047B7 /* ImageGradient.swift in Sources */ = {isa = PBXBuildFile; fileRef = A37A09DA267021B0004047B7 /* ImageGradient.swift */; };
		A37A09DD26702327004047B7 /* PhotoRowView.swift in Sources */ = {isa = PBXBuildFile; fileRef = A37A09DC26702327004047B7 /* PhotoRowView.swift */; };
		A37A09DF2670253B004047B7 /* Photo+Mock.swift in Sources */ = {isa = PBXBuildFile; fileRef = A37A09DE2670253B004047B7 /* Photo+Mock.swift */; };
		A37A09E226703761004047B7 /* DispatchQueue+AsyncWait.swift in Sources */ = {isa = PBXBuildFile; fileRef = A37A09E126703761004047B7 /* DispatchQueue+AsyncWait.swift */; };
		A3D22A08266FEEC5002DF1CB /* PlacesApp.swift in Sources */ = {isa = PBXBuildFile; fileRef = A3D22A07266FEEC5002DF1CB /* PlacesApp.swift */; };
		A3D22A0C266FEEC6002DF1CB /* Assets.xcassets in Resources */ = {isa = PBXBuildFile; fileRef = A3D22A0B266FEEC6002DF1CB /* Assets.xcassets */; };
		A3D22A0F266FEEC6002DF1CB /* Preview Assets.xcassets in Resources */ = {isa = PBXBuildFile; fileRef = A3D22A0E266FEEC6002DF1CB /* Preview Assets.xcassets */; };
/* End PBXBuildFile section */

/* Begin PBXFileReference section */
		A3080A9D26700C9F0066A971 /* Photo.swift */ = {isa = PBXFileReference; lastKnownFileType = sourcecode.swift; path = Photo.swift; sourceTree = "<group>"; };
		A3080A9F26700CF20066A971 /* User.swift */ = {isa = PBXFileReference; lastKnownFileType = sourcecode.swift; path = User.swift; sourceTree = "<group>"; };
		A3080AA126700E270066A971 /* PhotoService.swift */ = {isa = PBXFileReference; lastKnownFileType = sourcecode.swift; path = PhotoService.swift; sourceTree = "<group>"; };
		A3148E33267019460059BAF6 /* Request.swift */ = {isa = PBXFileReference; lastKnownFileType = sourcecode.swift; path = Request.swift; sourceTree = "<group>"; };
		A3148E35267019B70059BAF6 /* NetworkError.swift */ = {isa = PBXFileReference; lastKnownFileType = sourcecode.swift; path = NetworkError.swift; sourceTree = "<group>"; };
		A3148E3726701C590059BAF6 /* PhotoStore.swift */ = {isa = PBXFileReference; lastKnownFileType = sourcecode.swift; path = PhotoStore.swift; sourceTree = "<group>"; };
		A3148E3926701DAB0059BAF6 /* PhotosView.swift */ = {isa = PBXFileReference; lastKnownFileType = sourcecode.swift; path = PhotosView.swift; sourceTree = "<group>"; };
		A37A09DA267021B0004047B7 /* ImageGradient.swift */ = {isa = PBXFileReference; lastKnownFileType = sourcecode.swift; path = ImageGradient.swift; sourceTree = "<group>"; };
		A37A09DC26702327004047B7 /* PhotoRowView.swift */ = {isa = PBXFileReference; lastKnownFileType = sourcecode.swift; path = PhotoRowView.swift; sourceTree = "<group>"; };
		A37A09DE2670253B004047B7 /* Photo+Mock.swift */ = {isa = PBXFileReference; lastKnownFileType = sourcecode.swift; path = "Photo+Mock.swift"; sourceTree = "<group>"; };
		A37A09E126703761004047B7 /* DispatchQueue+AsyncWait.swift */ = {isa = PBXFileReference; lastKnownFileType = sourcecode.swift; path = "DispatchQueue+AsyncWait.swift"; sourceTree = "<group>"; };
		A3D22A04266FEEC5002DF1CB /* Places.app */ = {isa = PBXFileReference; explicitFileType = wrapper.application; includeInIndex = 0; path = Places.app; sourceTree = BUILT_PRODUCTS_DIR; };
		A3D22A07266FEEC5002DF1CB /* PlacesApp.swift */ = {isa = PBXFileReference; lastKnownFileType = sourcecode.swift; path = PlacesApp.swift; sourceTree = "<group>"; };
		A3D22A0B266FEEC6002DF1CB /* Assets.xcassets */ = {isa = PBXFileReference; lastKnownFileType = folder.assetcatalog; path = Assets.xcassets; sourceTree = "<group>"; };
		A3D22A0E266FEEC6002DF1CB /* Preview Assets.xcassets */ = {isa = PBXFileReference; lastKnownFileType = folder.assetcatalog; path = "Preview Assets.xcassets"; sourceTree = "<group>"; };
/* End PBXFileReference section */

/* Begin PBXFrameworksBuildPhase section */
		A3D22A01266FEEC5002DF1CB /* Frameworks */ = {
			isa = PBXFrameworksBuildPhase;
			buildActionMask = 2147483647;
			files = (
			);
			runOnlyForDeploymentPostprocessing = 0;
		};
/* End PBXFrameworksBuildPhase section */

/* Begin PBXGroup section */
		A3080A9C26700C840066A971 /* Model */ = {
			isa = PBXGroup;
			children = (
				A3080A9D26700C9F0066A971 /* Photo.swift */,
				A3080A9F26700CF20066A971 /* User.swift */,
			);
			path = Model;
			sourceTree = "<group>";
		};
		A3148E32267019310059BAF6 /* Network */ = {
			isa = PBXGroup;
			children = (
				A3148E33267019460059BAF6 /* Request.swift */,
				A3148E35267019B70059BAF6 /* NetworkError.swift */,
			);
			path = Network;
			sourceTree = "<group>";
		};
		A364459D266FFB2F00AE70D2 /* Service */ = {
			isa = PBXGroup;
			children = (
				A3080AA126700E270066A971 /* PhotoService.swift */,
			);
			path = Service;
			sourceTree = "<group>";
		};
		A364459E266FFB3600AE70D2 /* Store */ = {
			isa = PBXGroup;
			children = (
				A3148E3726701C590059BAF6 /* PhotoStore.swift */,
			);
			path = Store;
			sourceTree = "<group>";
		};
		A364459F266FFB3B00AE70D2 /* View */ = {
			isa = PBXGroup;
			children = (
				A37A09DC26702327004047B7 /* PhotoRowView.swift */,
				A3148E3926701DAB0059BAF6 /* PhotosView.swift */,
				A37A09DA267021B0004047B7 /* ImageGradient.swift */,
			);
			path = View;
			sourceTree = "<group>";
		};
		A37A09E026703747004047B7 /* Extensions */ = {
			isa = PBXGroup;
			children = (
				A37A09E126703761004047B7 /* DispatchQueue+AsyncWait.swift */,
			);
			path = Extensions;
			sourceTree = "<group>";
		};
		A3D229FB266FEEC5002DF1CB = {
			isa = PBXGroup;
			children = (
				A3D22A06266FEEC5002DF1CB /* Places */,
				A3D22A05266FEEC5002DF1CB /* Products */,
			);
			sourceTree = "<group>";
		};
		A3D22A05266FEEC5002DF1CB /* Products */ = {
			isa = PBXGroup;
			children = (
				A3D22A04266FEEC5002DF1CB /* Places.app */,
			);
			name = Products;
			sourceTree = "<group>";
		};
		A3D22A06266FEEC5002DF1CB /* Places */ = {
			isa = PBXGroup;
			children = (
				A37A09E026703747004047B7 /* Extensions */,
				A3148E32267019310059BAF6 /* Network */,
				A364459D266FFB2F00AE70D2 /* Service */,
				A3080A9C26700C840066A971 /* Model */,
				A364459E266FFB3600AE70D2 /* Store */,
				A364459F266FFB3B00AE70D2 /* View */,
				A3D22A07266FEEC5002DF1CB /* PlacesApp.swift */,
				A3D22A0B266FEEC6002DF1CB /* Assets.xcassets */,
				A3D22A0D266FEEC6002DF1CB /* Preview Content */,
			);
			path = Places;
			sourceTree = "<group>";
		};
		A3D22A0D266FEEC6002DF1CB /* Preview Content */ = {
			isa = PBXGroup;
			children = (
				A3D22A0E266FEEC6002DF1CB /* Preview Assets.xcassets */,
				A37A09DE2670253B004047B7 /* Photo+Mock.swift */,
			);
			path = "Preview Content";
			sourceTree = "<group>";
		};
/* End PBXGroup section */

/* Begin PBXNativeTarget section */
		A3D22A03266FEEC5002DF1CB /* Places */ = {
			isa = PBXNativeTarget;
			buildConfigurationList = A3D22A12266FEEC6002DF1CB /* Build configuration list for PBXNativeTarget "Places" */;
			buildPhases = (
				A3D22A00266FEEC5002DF1CB /* Sources */,
				A3D22A01266FEEC5002DF1CB /* Frameworks */,
				A3D22A02266FEEC5002DF1CB /* Resources */,
			);
			buildRules = (
			);
			dependencies = (
			);
			name = Places;
			productName = Places;
			productReference = A3D22A04266FEEC5002DF1CB /* Places.app */;
			productType = "com.apple.product-type.application";
		};
/* End PBXNativeTarget section */

/* Begin PBXProject section */
		A3D229FC266FEEC5002DF1CB /* Project object */ = {
			isa = PBXProject;
			attributes = {
				BuildIndependentTargetsInParallel = 1;
				LastSwiftUpdateCheck = 1300;
				LastUpgradeCheck = 1300;
				TargetAttributes = {
					A3D22A03266FEEC5002DF1CB = {
						CreatedOnToolsVersion = 13.0;
					};
				};
			};
			buildConfigurationList = A3D229FF266FEEC5002DF1CB /* Build configuration list for PBXProject "Places" */;
			compatibilityVersion = "Xcode 13.0";
			developmentRegion = en;
			hasScannedForEncodings = 0;
			knownRegions = (
				en,
				Base,
			);
			mainGroup = A3D229FB266FEEC5002DF1CB;
			productRefGroup = A3D22A05266FEEC5002DF1CB /* Products */;
			projectDirPath = "";
			projectRoot = "";
			targets = (
				A3D22A03266FEEC5002DF1CB /* Places */,
			);
		};
/* End PBXProject section */

/* Begin PBXResourcesBuildPhase section */
		A3D22A02266FEEC5002DF1CB /* Resources */ = {
			isa = PBXResourcesBuildPhase;
			buildActionMask = 2147483647;
			files = (
				A3D22A0F266FEEC6002DF1CB /* Preview Assets.xcassets in Resources */,
				A3D22A0C266FEEC6002DF1CB /* Assets.xcassets in Resources */,
			);
			runOnlyForDeploymentPostprocessing = 0;
		};
/* End PBXResourcesBuildPhase section */

/* Begin PBXSourcesBuildPhase section */
		A3D22A00266FEEC5002DF1CB /* Sources */ = {
			isa = PBXSourcesBuildPhase;
			buildActionMask = 2147483647;
			files = (
				A3080AA226700E270066A971 /* PhotoService.swift in Sources */,
				A3148E36267019B70059BAF6 /* NetworkError.swift in Sources */,
				A37A09DF2670253B004047B7 /* Photo+Mock.swift in Sources */,
				A3148E3826701C590059BAF6 /* PhotoStore.swift in Sources */,
				A3148E34267019460059BAF6 /* Request.swift in Sources */,
				A3080A9E26700C9F0066A971 /* Photo.swift in Sources */,
				A3148E3A26701DAB0059BAF6 /* PhotosView.swift in Sources */,
				A3D22A08266FEEC5002DF1CB /* PlacesApp.swift in Sources */,
				A3080AA026700CF20066A971 /* User.swift in Sources */,
				A37A09DD26702327004047B7 /* PhotoRowView.swift in Sources */,
				A37A09DB267021B0004047B7 /* ImageGradient.swift in Sources */,
				A37A09E226703761004047B7 /* DispatchQueue+AsyncWait.swift in Sources */,
			);
			runOnlyForDeploymentPostprocessing = 0;
		};
/* End PBXSourcesBuildPhase section */

/* Begin XCBuildConfiguration section */
		A3D22A10266FEEC6002DF1CB /* Debug */ = {
			isa = XCBuildConfiguration;
			buildSettings = {
				ALWAYS_SEARCH_USER_PATHS = NO;
				CLANG_ANALYZER_NONNULL = YES;
				CLANG_ANALYZER_NUMBER_OBJECT_CONVERSION = YES_AGGRESSIVE;
				CLANG_CXX_LANGUAGE_STANDARD = "gnu++14";
				CLANG_CXX_LIBRARY = "libc++";
				CLANG_ENABLE_MODULES = YES;
				CLANG_ENABLE_OBJC_ARC = YES;
				CLANG_ENABLE_OBJC_WEAK = YES;
				CLANG_WARN_BLOCK_CAPTURE_AUTORELEASING = YES;
				CLANG_WARN_BOOL_CONVERSION = YES;
				CLANG_WARN_COMMA = YES;
				CLANG_WARN_CONSTANT_CONVERSION = YES;
				CLANG_WARN_DEPRECATED_OBJC_IMPLEMENTATIONS = YES;
				CLANG_WARN_DIRECT_OBJC_ISA_USAGE = YES_ERROR;
				CLANG_WARN_DOCUMENTATION_COMMENTS = YES;
				CLANG_WARN_EMPTY_BODY = YES;
				CLANG_WARN_ENUM_CONVERSION = YES;
				CLANG_WARN_INFINITE_RECURSION = YES;
				CLANG_WARN_INT_CONVERSION = YES;
				CLANG_WARN_NON_LITERAL_NULL_CONVERSION = YES;
				CLANG_WARN_OBJC_IMPLICIT_RETAIN_SELF = YES;
				CLANG_WARN_OBJC_LITERAL_CONVERSION = YES;
				CLANG_WARN_OBJC_ROOT_CLASS = YES_ERROR;
				CLANG_WARN_QUOTED_INCLUDE_IN_FRAMEWORK_HEADER = YES;
				CLANG_WARN_RANGE_LOOP_ANALYSIS = YES;
				CLANG_WARN_STRICT_PROTOTYPES = YES;
				CLANG_WARN_SUSPICIOUS_MOVE = YES;
				CLANG_WARN_UNGUARDED_AVAILABILITY = YES_AGGRESSIVE;
				CLANG_WARN_UNREACHABLE_CODE = YES;
				CLANG_WARN__DUPLICATE_METHOD_MATCH = YES;
				COPY_PHASE_STRIP = NO;
				DEBUG_INFORMATION_FORMAT = dwarf;
				ENABLE_STRICT_OBJC_MSGSEND = YES;
				ENABLE_TESTABILITY = YES;
				GCC_C_LANGUAGE_STANDARD = gnu11;
				GCC_DYNAMIC_NO_PIC = NO;
				GCC_NO_COMMON_BLOCKS = YES;
				GCC_OPTIMIZATION_LEVEL = 0;
				GCC_PREPROCESSOR_DEFINITIONS = (
					"DEBUG=1",
					"$(inherited)",
				);
				GCC_WARN_64_TO_32_BIT_CONVERSION = YES;
				GCC_WARN_ABOUT_RETURN_TYPE = YES_ERROR;
				GCC_WARN_UNDECLARED_SELECTOR = YES;
				GCC_WARN_UNINITIALIZED_AUTOS = YES_AGGRESSIVE;
				GCC_WARN_UNUSED_FUNCTION = YES;
				GCC_WARN_UNUSED_VARIABLE = YES;
				IPHONEOS_DEPLOYMENT_TARGET = 15.0;
				MTL_ENABLE_DEBUG_INFO = INCLUDE_SOURCE;
				MTL_FAST_MATH = YES;
				ONLY_ACTIVE_ARCH = YES;
				SDKROOT = iphoneos;
				SWIFT_ACTIVE_COMPILATION_CONDITIONS = DEBUG;
				SWIFT_OPTIMIZATION_LEVEL = "-Onone";
			};
			name = Debug;
		};
		A3D22A11266FEEC6002DF1CB /* Release */ = {
			isa = XCBuildConfiguration;
			buildSettings = {
				ALWAYS_SEARCH_USER_PATHS = NO;
				CLANG_ANALYZER_NONNULL = YES;
				CLANG_ANALYZER_NUMBER_OBJECT_CONVERSION = YES_AGGRESSIVE;
				CLANG_CXX_LANGUAGE_STANDARD = "gnu++14";
				CLANG_CXX_LIBRARY = "libc++";
				CLANG_ENABLE_MODULES = YES;
				CLANG_ENABLE_OBJC_ARC = YES;
				CLANG_ENABLE_OBJC_WEAK = YES;
				CLANG_WARN_BLOCK_CAPTURE_AUTORELEASING = YES;
				CLANG_WARN_BOOL_CONVERSION = YES;
				CLANG_WARN_COMMA = YES;
				CLANG_WARN_CONSTANT_CONVERSION = YES;
				CLANG_WARN_DEPRECATED_OBJC_IMPLEMENTATIONS = YES;
				CLANG_WARN_DIRECT_OBJC_ISA_USAGE = YES_ERROR;
				CLANG_WARN_DOCUMENTATION_COMMENTS = YES;
				CLANG_WARN_EMPTY_BODY = YES;
				CLANG_WARN_ENUM_CONVERSION = YES;
				CLANG_WARN_INFINITE_RECURSION = YES;
				CLANG_WARN_INT_CONVERSION = YES;
				CLANG_WARN_NON_LITERAL_NULL_CONVERSION = YES;
				CLANG_WARN_OBJC_IMPLICIT_RETAIN_SELF = YES;
				CLANG_WARN_OBJC_LITERAL_CONVERSION = YES;
				CLANG_WARN_OBJC_ROOT_CLASS = YES_ERROR;
				CLANG_WARN_QUOTED_INCLUDE_IN_FRAMEWORK_HEADER = YES;
				CLANG_WARN_RANGE_LOOP_ANALYSIS = YES;
				CLANG_WARN_STRICT_PROTOTYPES = YES;
				CLANG_WARN_SUSPICIOUS_MOVE = YES;
				CLANG_WARN_UNGUARDED_AVAILABILITY = YES_AGGRESSIVE;
				CLANG_WARN_UNREACHABLE_CODE = YES;
				CLANG_WARN__DUPLICATE_METHOD_MATCH = YES;
				COPY_PHASE_STRIP = NO;
				DEBUG_INFORMATION_FORMAT = "dwarf-with-dsym";
				ENABLE_NS_ASSERTIONS = NO;
				ENABLE_STRICT_OBJC_MSGSEND = YES;
				GCC_C_LANGUAGE_STANDARD = gnu11;
				GCC_NO_COMMON_BLOCKS = YES;
				GCC_WARN_64_TO_32_BIT_CONVERSION = YES;
				GCC_WARN_ABOUT_RETURN_TYPE = YES_ERROR;
				GCC_WARN_UNDECLARED_SELECTOR = YES;
				GCC_WARN_UNINITIALIZED_AUTOS = YES_AGGRESSIVE;
				GCC_WARN_UNUSED_FUNCTION = YES;
				GCC_WARN_UNUSED_VARIABLE = YES;
				IPHONEOS_DEPLOYMENT_TARGET = 15.0;
				MTL_ENABLE_DEBUG_INFO = NO;
				MTL_FAST_MATH = YES;
				SDKROOT = iphoneos;
				SWIFT_COMPILATION_MODE = wholemodule;
				SWIFT_OPTIMIZATION_LEVEL = "-O";
				VALIDATE_PRODUCT = YES;
			};
			name = Release;
		};
		A3D22A13266FEEC6002DF1CB /* Debug */ = {
			isa = XCBuildConfiguration;
			buildSettings = {
				ASSETCATALOG_COMPILER_APPICON_NAME = AppIcon;
				ASSETCATALOG_COMPILER_GLOBAL_ACCENT_COLOR_NAME = AccentColor;
				CODE_SIGN_STYLE = Automatic;
				CURRENT_PROJECT_VERSION = 1;
				DEVELOPMENT_ASSET_PATHS = "\"Places/Preview Content\"";
				DEVELOPMENT_TEAM = B7VMMPC6DV;
				ENABLE_PREVIEWS = YES;
				GENERATE_INFOPLIST_FILE = YES;
				INFOPLIST_KEY_UIApplicationSceneManifest_Generation = YES;
				INFOPLIST_KEY_UIApplicationSupportsIndirectInputEvents = YES;
				INFOPLIST_KEY_UILaunchScreen_Generation = YES;
				INFOPLIST_KEY_UISupportedInterfaceOrientations_iPad = "UIInterfaceOrientationPortrait UIInterfaceOrientationPortraitUpsideDown UIInterfaceOrientationLandscapeLeft UIInterfaceOrientationLandscapeRight";
				INFOPLIST_KEY_UISupportedInterfaceOrientations_iPhone = "UIInterfaceOrientationPortrait UIInterfaceOrientationLandscapeLeft UIInterfaceOrientationLandscapeRight";
				IPHONEOS_DEPLOYMENT_TARGET = 15.0;
				LD_RUNPATH_SEARCH_PATHS = (
					"$(inherited)",
					"@executable_path/Frameworks",
				);
				MARKETING_VERSION = 1.0;
				PRODUCT_BUNDLE_IDENTIFIER = com.delgado.Places;
				PRODUCT_NAME = "$(TARGET_NAME)";
				SWIFT_EMIT_LOC_STRINGS = YES;
				SWIFT_VERSION = 5.0;
				TARGETED_DEVICE_FAMILY = "1,2";
			};
			name = Debug;
		};
		A3D22A14266FEEC6002DF1CB /* Release */ = {
			isa = XCBuildConfiguration;
			buildSettings = {
				ASSETCATALOG_COMPILER_APPICON_NAME = AppIcon;
				ASSETCATALOG_COMPILER_GLOBAL_ACCENT_COLOR_NAME = AccentColor;
				CODE_SIGN_STYLE = Automatic;
				CURRENT_PROJECT_VERSION = 1;
				DEVELOPMENT_ASSET_PATHS = "\"Places/Preview Content\"";
				DEVELOPMENT_TEAM = B7VMMPC6DV;
				ENABLE_PREVIEWS = YES;
				GENERATE_INFOPLIST_FILE = YES;
				INFOPLIST_KEY_UIApplicationSceneManifest_Generation = YES;
				INFOPLIST_KEY_UIApplicationSupportsIndirectInputEvents = YES;
				INFOPLIST_KEY_UILaunchScreen_Generation = YES;
				INFOPLIST_KEY_UISupportedInterfaceOrientations_iPad = "UIInterfaceOrientationPortrait UIInterfaceOrientationPortraitUpsideDown UIInterfaceOrientationLandscapeLeft UIInterfaceOrientationLandscapeRight";
				INFOPLIST_KEY_UISupportedInterfaceOrientations_iPhone = "UIInterfaceOrientationPortrait UIInterfaceOrientationLandscapeLeft UIInterfaceOrientationLandscapeRight";
				IPHONEOS_DEPLOYMENT_TARGET = 15.0;
				LD_RUNPATH_SEARCH_PATHS = (
					"$(inherited)",
					"@executable_path/Frameworks",
				);
				MARKETING_VERSION = 1.0;
				PRODUCT_BUNDLE_IDENTIFIER = com.delgado.Places;
				PRODUCT_NAME = "$(TARGET_NAME)";
				SWIFT_EMIT_LOC_STRINGS = YES;
				SWIFT_VERSION = 5.0;
				TARGETED_DEVICE_FAMILY = "1,2";
			};
			name = Release;
		};
/* End XCBuildConfiguration section */

/* Begin XCConfigurationList section */
		A3D229FF266FEEC5002DF1CB /* Build configuration list for PBXProject "Places" */ = {
			isa = XCConfigurationList;
			buildConfigurations = (
				A3D22A10266FEEC6002DF1CB /* Debug */,
				A3D22A11266FEEC6002DF1CB /* Release */,
			);
			defaultConfigurationIsVisible = 0;
			defaultConfigurationName = Release;
		};
		A3D22A12266FEEC6002DF1CB /* Build configuration list for PBXNativeTarget "Places" */ = {
			isa = XCConfigurationList;
			buildConfigurations = (
				A3D22A13266FEEC6002DF1CB /* Debug */,
				A3D22A14266FEEC6002DF1CB /* Release */,
			);
			defaultConfigurationIsVisible = 0;
			defaultConfigurationName = Release;
		};
/* End XCConfigurationList section */
	};
	rootObject = A3D229FC266FEEC5002DF1CB /* Project object */;
}
